
Microsoft Visual Studio Solution File, Format Version 12.00
# Visual Studio Version 17
VisualStudioVersion = 17.10.35013.160
MinimumVisualStudioVersion = 10.0.40219.1
Project("{FAE04EC0-301F-11D3-BF4B-00C04F79EFBC}") = "GardenSolver", "GardenSolver.csproj", "{1DBAEF23-7702-43F6-AD87-60484DBDC55C}"
EndProject
Global
	GlobalSection(SolutionConfigurationPlatforms) = preSolution
		Debug|Any CPU = Debug|Any CPU
		Release|Any CPU = Release|Any CPU
	EndGlobalSection
	GlobalSection(ProjectConfigurationPlatforms) = postSolution
		{1DBAEF23-7702-43F6-AD87-60484DBDC55C}.Debug|Any CPU.ActiveCfg = Debug|Any CPU
		{1DBAEF23-7702-43F6-AD87-60484DBDC55C}.Debug|Any CPU.Build.0 = Debug|Any CPU
		{1DBAEF23-7702-43F6-AD87-60484DBDC55C}.Release|Any CPU.ActiveCfg = Release|Any CPU
		{1DBAEF23-7702-43F6-AD87-60484DBDC55C}.Release|Any CPU.Build.0 = Release|Any CPU
	EndGlobalSection
	GlobalSection(SolutionProperties) = preSolution
		HideSolutionNode = FALSE
	EndGlobalSection
	GlobalSection(ExtensibilityGlobals) = postSolution
		SolutionGuid = {03438F9A-71BD-45BE-AD9A-6253DFA29540}
	EndGlobalSection
EndGlobal
